<?xml version="1.0" encoding="utf-8"?>
<Project ToolsVersion="4.0" xmlns="http://schemas.microsoft.com/developer/msbuild/2003">
  <ItemGroup>
    <Filter Include="ソース ファイル">
      <UniqueIdentifier>{4FC737F1-C7A5-4376-A066-2A32D752A2FF}</UniqueIdentifier>
      <Extensions>cpp;c;cc;cxx;def;odl;idl;hpj;bat;asm;asmx</Extensions>
    </Filter>
    <Filter Include="ヘッダー ファイル">
      <UniqueIdentifier>{93995380-89BD-4b04-88EB-625FBE52EBFB}</UniqueIdentifier>
      <Extensions>h;hh;hpp;hxx;hm;inl;inc;xsd</Extensions>
    </Filter>
    <Filter Include="リソース ファイル">
      <UniqueIdentifier>{67DA6AB6-F800-4c08-8B7A-83BB121AAD01}</UniqueIdentifier>
      <Extensions>rc;ico;cur;bmp;dlg;rc2;rct;bin;rgs;gif;jpg;jpeg;jpe;resx;tiff;tif;png;wav;mfcribbon-ms</Extensions>
    </Filter>
    <Filter Include="ソース ファイル\ResoruceManager">
      <UniqueIdentifier>{a36d123b-8d3a-49c9-9432-37e6d298d07f}</UniqueIdentifier>
    </Filter>
    <Filter Include="ソース ファイル\TaskSystem">
      <UniqueIdentifier>{4c90fa17-ac8b-429d-813a-5e00308bc750}</UniqueIdentifier>
    </Filter>
  </ItemGroup>
  <ItemGroup>
    <ClCompile Include="ResourceManager\ResourceManager.cpp">
      <Filter>ソース ファイル\ResoruceManager</Filter>
    </ClCompile>
    <ClCompile Include="TaskSystem\TaskObject.cpp">
      <Filter>ソース ファイル\TaskSystem</Filter>
    </ClCompile>
    <ClCompile Include="TaskSystem\TaskSystem.cpp">
      <Filter>ソース ファイル\TaskSystem</Filter>
    </ClCompile>
    <ClCompile Include="Main.cpp">
      <Filter>ソース ファイル</Filter>
    </ClCompile>
    <ClCompile Include="TaskSystem\TaskSystem_GameObject.cpp">
      <Filter>ソース ファイル\TaskSystem</Filter>
    </ClCompile>
  </ItemGroup>
  <ItemGroup>
    <ClInclude Include="ResourceManager\ResourceManager.h">
      <Filter>ソース ファイル\ResoruceManager</Filter>
    </ClInclude>
    <ClInclude Include="TaskSystem\TaskObject.h">
      <Filter>ソース ファイル\TaskSystem</Filter>
    </ClInclude>
    <ClInclude Include="TaskSystem\TaskSystem.h">
      <Filter>ソース ファイル\TaskSystem</Filter>
    </ClInclude>
    <ClInclude Include="TaskSystem\TaskSystem_GameObject.h">
      <Filter>ソース ファイル\TaskSystem</Filter>
    </ClInclude>
  </ItemGroup>
</Project>